{
  "name": "ngx-crud-list",
  "version": "0.0.1",
  "lockfileVersion": 1,
  "requires": true,
  "dependencies": {
    "@angular/forms": {
      "version": "7.2.11",
      "resolved": "https://registry.npmjs.org/@angular/forms/-/forms-7.2.11.tgz",
      "integrity": "sha512-S7qpaA4lP4yU5HsOvPuf4bpDGiqP6YjwcWHcTkm1kx9oiHGvmUoQAkFw06SMh2YCsGi413Qqys/4L0H8+8Za2A==",
      "requires": {
        "tslib": "1.9.3"
      }
    },
    "@angular/material": {
      "version": "7.3.6",
      "resolved": "https://registry.npmjs.org/@angular/material/-/material-7.3.6.tgz",
      "integrity": "sha512-yRQlB0+KO0BilpK9Eg8Sv+T1hJZEWgQ2YGTxnIsgc6DhYM/IHk165iN5KMj3MBJq425z16xEEP6GqDzjTwp+pA==",
      "requires": {
        "tslib": "1.9.3"
      }
    },
    "tslib": {
      "version": "1.9.3",
      "resolved": "https://registry.npmjs.org/tslib/-/tslib-1.9.3.tgz",
      "integrity": "sha512-4krF8scpejhaOgqzBEcGM7yDIEfi0/8+8zDRZhNZZ2kjmHJ4hv3zCbQWxoJGz1iw5U0Jl0nma13xzHXcncMavQ=="
    }
  }
}
